
Microsoft Visual Studio Solution File, Format Version 12.00
# Visual Studio 15
VisualStudioVersion = 15.0.28307.421
MinimumVisualStudioVersion = 10.0.40219.1
Project("{FAE04EC0-301F-11D3-BF4B-00C04F79EFBC}") = "SunnyTour", "SunnyTour\SunnyTour.csproj", "{339B8553-4363-4E46-A932-8EC87FAA5170}"
EndProject
Global
	GlobalSection(SolutionConfigurationPlatforms) = preSolution
		Debug|Any CPU = Debug|Any CPU
		Release|Any CPU = Release|Any CPU
	EndGlobalSection
	GlobalSection(ProjectConfigurationPlatforms) = postSolution
		{339B8553-4363-4E46-A932-8EC87FAA5170}.Debug|Any CPU.ActiveCfg = Debug|Any CPU
		{339B8553-4363-4E46-A932-8EC87FAA5170}.Debug|Any CPU.Build.0 = Debug|Any CPU
		{339B8553-4363-4E46-A932-8EC87FAA5170}.Release|Any CPU.ActiveCfg = Release|Any CPU
		{339B8553-4363-4E46-A932-8EC87FAA5170}.Release|Any CPU.Build.0 = Release|Any CPU
	EndGlobalSection
	GlobalSection(SolutionProperties) = preSolution
		HideSolutionNode = FALSE
	EndGlobalSection
	GlobalSection(ExtensibilityGlobals) = postSolution
		SolutionGuid = {CE53DCE3-E1DB-4290-84DC-F107354104DF}
	EndGlobalSection
EndGlobal
